<?xml version="1.0" encoding="utf-8"?>
<Project ToolsVersion="4.0" xmlns="http://schemas.microsoft.com/developer/msbuild/2003">
  <ItemGroup>
    <Filter Include="Source">
      <UniqueIdentifier>{fa734ace-69fc-40e0-a0be-ef51e15b39c6}</UniqueIdentifier>
    </Filter>
    <Filter Include="Include">
      <UniqueIdentifier>{f3f99112-6f82-4a4d-95e0-9c56353afcf5}</UniqueIdentifier>
    </Filter>
    <Filter Include="Resources">
      <UniqueIdentifier>{ef7305fe-168d-40cf-9ac0-57a016e2ec54}</UniqueIdentifier>
    </Filter>
  </ItemGroup>
  <ItemGroup>
    <ClInclude Include="stdafx.h">
      <Filter>Include</Filter>
    </ClInclude>
    <ClInclude Include="ServerTestToolsApp.h">
      <Filter>Include</Filter>
    </ClInclude>
    <ClInclude Include="resource.h">
      <Filter>Resources</Filter>
    </ClInclude>
    <ClInclude Include="ServerTestToolsDlg.h">
      <Filter>Include</Filter>
    </ClInclude>
  </ItemGroup>
  <ItemGroup>
    <ClCompile Include="stdafx.cpp">
      <Filter>Source</Filter>
    </ClCompile>
    <ClCompile Include="ServerTestToolsApp.cpp">
      <Filter>Source</Filter>
    </ClCompile>
    <ClCompile Include="ServerTestToolsDlg.cpp">
      <Filter>Source</Filter>
    </ClCompile>
  </ItemGroup>
  <ItemGroup>
    <ResourceCompile Include="ServerTestTools.rc">
      <Filter>Resources</Filter>
    </ResourceCompile>
  </ItemGroup>
</Project>